
Microsoft Visual Studio Solution File, Format Version 12.00
# Visual Studio 15
Project("{FAE04EC0-301F-11D3-BF4B-00C04F79EFBC}") = "UnityEngine.UI", "UnityEngine.UI.csproj", "{F749E801-B10F-7C2F-7197-5A6E5E559D10}"
EndProject
Project("{FAE04EC0-301F-11D3-BF4B-00C04F79EFBC}") = "UnityEngine.TestRunner", "UnityEngine.TestRunner.csproj", "{0DE9FA59-4A6E-02AC-649A-49A2FFEF6756}"
EndProject
Project("{FAE04EC0-301F-11D3-BF4B-00C04F79EFBC}") = "Unity.TextMeshPro", "Unity.TextMeshPro.csproj", "{B50A5DD9-0461-479E-190B-20AFC3265D1C}"
EndProject
Project("{FAE04EC0-301F-11D3-BF4B-00C04F79EFBC}") = "Unity.Timeline", "Unity.Timeline.csproj", "{80DE0588-23F0-7A0E-5980-16A65C23F1F7}"
EndProject
Project("{FAE04EC0-301F-11D3-BF4B-00C04F79EFBC}") = "Assembly-CSharp", "Assembly-CSharp.csproj", "{9A20FF7F-C0A0-4EBA-5329-83E16065C5B1}"
EndProject
Project("{FAE04EC0-301F-11D3-BF4B-00C04F79EFBC}") = "UnityEditor.TestRunner", "UnityEditor.TestRunner.csproj", "{7C18EF7B-D73B-44EE-0262-610292F2E10A}"
EndProject
Project("{FAE04EC0-301F-11D3-BF4B-00C04F79EFBC}") = "Unity.TextMeshPro.Editor", "Unity.TextMeshPro.Editor.csproj", "{0888938A-9C53-4A2C-3CCE-C792CDC5E0A9}"
EndProject
Project("{FAE04EC0-301F-11D3-BF4B-00C04F79EFBC}") = "Unity.Timeline.Editor", "Unity.Timeline.Editor.csproj", "{18E522B8-3985-1BF7-D790-C705BB6D6FA4}"
EndProject
Project("{FAE04EC0-301F-11D3-BF4B-00C04F79EFBC}") = "Unity.CollabProxy.Editor", "Unity.CollabProxy.Editor.csproj", "{BC4BB22E-B767-F606-E58B-2843E0D023BA}"
EndProject
Project("{FAE04EC0-301F-11D3-BF4B-00C04F79EFBC}") = "Unity.Rider.Editor", "Unity.Rider.Editor.csproj", "{7AAD9B55-5C50-74CC-B4C8-0DB8058D1995}"
EndProject
Project("{FAE04EC0-301F-11D3-BF4B-00C04F79EFBC}") = "UnityEditor.UI", "UnityEditor.UI.csproj", "{5F039BB7-AC47-089C-3A28-CFD85FEF5080}"
EndProject
Project("{FAE04EC0-301F-11D3-BF4B-00C04F79EFBC}") = "Unity.VisualStudio.Editor", "Unity.VisualStudio.Editor.csproj", "{499884FD-8CCE-AC28-506C-6F2814AFC604}"
EndProject
Project("{FAE04EC0-301F-11D3-BF4B-00C04F79EFBC}") = "Unity.VSCode.Editor", "Unity.VSCode.Editor.csproj", "{6EC4C893-45E0-FA1E-0AB1-E29DBDA5A18E}"
EndProject
Project("{FAE04EC0-301F-11D3-BF4B-00C04F79EFBC}") = "UnityEngine.UI", "UnityEngine.UI.Player.csproj", "{23FFEE8D-0A8F-B8BC-8CE3-77C5F356DF57}"
EndProject
Project("{FAE04EC0-301F-11D3-BF4B-00C04F79EFBC}") = "UnityEngine.TestRunner", "UnityEngine.TestRunner.Player.csproj", "{770B08AD-7B7D-5139-3666-CDB50BB6CE08}"
EndProject
Project("{FAE04EC0-301F-11D3-BF4B-00C04F79EFBC}") = "Unity.TextMeshPro", "Unity.TextMeshPro.Player.csproj", "{5940FFE9-7320-5A9B-9B04-C0634BF5F84D}"
EndProject
Project("{FAE04EC0-301F-11D3-BF4B-00C04F79EFBC}") = "Unity.Timeline", "Unity.Timeline.Player.csproj", "{F723F693-9983-E20B-6D54-17CA0BA68B1A}"
EndProject
Project("{FAE04EC0-301F-11D3-BF4B-00C04F79EFBC}") = "Assembly-CSharp", "Assembly-CSharp.Player.csproj", "{79C8AD2B-373B-4085-4152-103B1CC85BB2}"
EndProject
Global
	GlobalSection(SolutionConfigurationPlatforms) = preSolution
		Debug|Any CPU = Debug|Any CPU
		Release|Any CPU = Release|Any CPU
	EndGlobalSection
	GlobalSection(ProjectConfigurationPlatforms) = postSolution
		{F749E801-B10F-7C2F-7197-5A6E5E559D10}.Debug|Any CPU.ActiveCfg = Debug|Any CPU
		{F749E801-B10F-7C2F-7197-5A6E5E559D10}.Debug|Any CPU.Build.0 = Debug|Any CPU
		{F749E801-B10F-7C2F-7197-5A6E5E559D10}.Release|Any CPU.ActiveCfg = Release|Any CPU
		{F749E801-B10F-7C2F-7197-5A6E5E559D10}.Release|Any CPU.Build.0 = Release|Any CPU
		{0DE9FA59-4A6E-02AC-649A-49A2FFEF6756}.Debug|Any CPU.ActiveCfg = Debug|Any CPU
		{0DE9FA59-4A6E-02AC-649A-49A2FFEF6756}.Debug|Any CPU.Build.0 = Debug|Any CPU
		{0DE9FA59-4A6E-02AC-649A-49A2FFEF6756}.Release|Any CPU.ActiveCfg = Release|Any CPU
		{0DE9FA59-4A6E-02AC-649A-49A2FFEF6756}.Release|Any CPU.Build.0 = Release|Any CPU
		{B50A5DD9-0461-479E-190B-20AFC3265D1C}.Debug|Any CPU.ActiveCfg = Debug|Any CPU
		{B50A5DD9-0461-479E-190B-20AFC3265D1C}.Debug|Any CPU.Build.0 = Debug|Any CPU
		{B50A5DD9-0461-479E-190B-20AFC3265D1C}.Release|Any CPU.ActiveCfg = Release|Any CPU
		{B50A5DD9-0461-479E-190B-20AFC3265D1C}.Release|Any CPU.Build.0 = Release|Any CPU
		{80DE0588-23F0-7A0E-5980-16A65C23F1F7}.Debug|Any CPU.ActiveCfg = Debug|Any CPU
		{80DE0588-23F0-7A0E-5980-16A65C23F1F7}.Debug|Any CPU.Build.0 = Debug|Any CPU
		{80DE0588-23F0-7A0E-5980-16A65C23F1F7}.Release|Any CPU.ActiveCfg = Release|Any CPU
		{80DE0588-23F0-7A0E-5980-16A65C23F1F7}.Release|Any CPU.Build.0 = Release|Any CPU
		{9A20FF7F-C0A0-4EBA-5329-83E16065C5B1}.Debug|Any CPU.ActiveCfg = Debug|Any CPU
		{9A20FF7F-C0A0-4EBA-5329-83E16065C5B1}.Debug|Any CPU.Build.0 = Debug|Any CPU
		{9A20FF7F-C0A0-4EBA-5329-83E16065C5B1}.Release|Any CPU.ActiveCfg = Release|Any CPU
		{9A20FF7F-C0A0-4EBA-5329-83E16065C5B1}.Release|Any CPU.Build.0 = Release|Any CPU
		{7C18EF7B-D73B-44EE-0262-610292F2E10A}.Debug|Any CPU.ActiveCfg = Debug|Any CPU
		{7C18EF7B-D73B-44EE-0262-610292F2E10A}.Debug|Any CPU.Build.0 = Debug|Any CPU
		{7C18EF7B-D73B-44EE-0262-610292F2E10A}.Release|Any CPU.ActiveCfg = Release|Any CPU
		{7C18EF7B-D73B-44EE-0262-610292F2E10A}.Release|Any CPU.Build.0 = Release|Any CPU
		{0888938A-9C53-4A2C-3CCE-C792CDC5E0A9}.Debug|Any CPU.ActiveCfg = Debug|Any CPU
		{0888938A-9C53-4A2C-3CCE-C792CDC5E0A9}.Debug|Any CPU.Build.0 = Debug|Any CPU
		{0888938A-9C53-4A2C-3CCE-C792CDC5E0A9}.Release|Any CPU.ActiveCfg = Release|Any CPU
		{0888938A-9C53-4A2C-3CCE-C792CDC5E0A9}.Release|Any CPU.Build.0 = Release|Any CPU
		{18E522B8-3985-1BF7-D790-C705BB6D6FA4}.Debug|Any CPU.ActiveCfg = Debug|Any CPU
		{18E522B8-3985-1BF7-D790-C705BB6D6FA4}.Debug|Any CPU.Build.0 = Debug|Any CPU
		{18E522B8-3985-1BF7-D790-C705BB6D6FA4}.Release|Any CPU.ActiveCfg = Release|Any CPU
		{18E522B8-3985-1BF7-D790-C705BB6D6FA4}.Release|Any CPU.Build.0 = Release|Any CPU
		{BC4BB22E-B767-F606-E58B-2843E0D023BA}.Debug|Any CPU.ActiveCfg = Debug|Any CPU
		{BC4BB22E-B767-F606-E58B-2843E0D023BA}.Debug|Any CPU.Build.0 = Debug|Any CPU
		{BC4BB22E-B767-F606-E58B-2843E0D023BA}.Release|Any CPU.ActiveCfg = Release|Any CPU
		{BC4BB22E-B767-F606-E58B-2843E0D023BA}.Release|Any CPU.Build.0 = Release|Any CPU
		{7AAD9B55-5C50-74CC-B4C8-0DB8058D1995}.Debug|Any CPU.ActiveCfg = Debug|Any CPU
		{7AAD9B55-5C50-74CC-B4C8-0DB8058D1995}.Debug|Any CPU.Build.0 = Debug|Any CPU
		{7AAD9B55-5C50-74CC-B4C8-0DB8058D1995}.Release|Any CPU.ActiveCfg = Release|Any CPU
		{7AAD9B55-5C50-74CC-B4C8-0DB8058D1995}.Release|Any CPU.Build.0 = Release|Any CPU
		{5F039BB7-AC47-089C-3A28-CFD85FEF5080}.Debug|Any CPU.ActiveCfg = Debug|Any CPU
		{5F039BB7-AC47-089C-3A28-CFD85FEF5080}.Debug|Any CPU.Build.0 = Debug|Any CPU
		{5F039BB7-AC47-089C-3A28-CFD85FEF5080}.Release|Any CPU.ActiveCfg = Release|Any CPU
		{5F039BB7-AC47-089C-3A28-CFD85FEF5080}.Release|Any CPU.Build.0 = Release|Any CPU
		{499884FD-8CCE-AC28-506C-6F2814AFC604}.Debug|Any CPU.ActiveCfg = Debug|Any CPU
		{499884FD-8CCE-AC28-506C-6F2814AFC604}.Debug|Any CPU.Build.0 = Debug|Any CPU
		{499884FD-8CCE-AC28-506C-6F2814AFC604}.Release|Any CPU.ActiveCfg = Release|Any CPU
		{499884FD-8CCE-AC28-506C-6F2814AFC604}.Release|Any CPU.Build.0 = Release|Any CPU
		{6EC4C893-45E0-FA1E-0AB1-E29DBDA5A18E}.Debug|Any CPU.ActiveCfg = Debug|Any CPU
		{6EC4C893-45E0-FA1E-0AB1-E29DBDA5A18E}.Debug|Any CPU.Build.0 = Debug|Any CPU
		{6EC4C893-45E0-FA1E-0AB1-E29DBDA5A18E}.Release|Any CPU.ActiveCfg = Release|Any CPU
		{6EC4C893-45E0-FA1E-0AB1-E29DBDA5A18E}.Release|Any CPU.Build.0 = Release|Any CPU
		{23FFEE8D-0A8F-B8BC-8CE3-77C5F356DF57}.Debug|Any CPU.ActiveCfg = Debug|Any CPU
		{23FFEE8D-0A8F-B8BC-8CE3-77C5F356DF57}.Debug|Any CPU.Build.0 = Debug|Any CPU
		{23FFEE8D-0A8F-B8BC-8CE3-77C5F356DF57}.Release|Any CPU.ActiveCfg = Release|Any CPU
		{23FFEE8D-0A8F-B8BC-8CE3-77C5F356DF57}.Release|Any CPU.Build.0 = Release|Any CPU
		{770B08AD-7B7D-5139-3666-CDB50BB6CE08}.Debug|Any CPU.ActiveCfg = Debug|Any CPU
		{770B08AD-7B7D-5139-3666-CDB50BB6CE08}.Debug|Any CPU.Build.0 = Debug|Any CPU
		{770B08AD-7B7D-5139-3666-CDB50BB6CE08}.Release|Any CPU.ActiveCfg = Release|Any CPU
		{770B08AD-7B7D-5139-3666-CDB50BB6CE08}.Release|Any CPU.Build.0 = Release|Any CPU
		{5940FFE9-7320-5A9B-9B04-C0634BF5F84D}.Debug|Any CPU.ActiveCfg = Debug|Any CPU
		{5940FFE9-7320-5A9B-9B04-C0634BF5F84D}.Debug|Any CPU.Build.0 = Debug|Any CPU
		{5940FFE9-7320-5A9B-9B04-C0634BF5F84D}.Release|Any CPU.ActiveCfg = Release|Any CPU
		{5940FFE9-7320-5A9B-9B04-C0634BF5F84D}.Release|Any CPU.Build.0 = Release|Any CPU
		{F723F693-9983-E20B-6D54-17CA0BA68B1A}.Debug|Any CPU.ActiveCfg = Debug|Any CPU
		{F723F693-9983-E20B-6D54-17CA0BA68B1A}.Debug|Any CPU.Build.0 = Debug|Any CPU
		{F723F693-9983-E20B-6D54-17CA0BA68B1A}.Release|Any CPU.ActiveCfg = Release|Any CPU
		{F723F693-9983-E20B-6D54-17CA0BA68B1A}.Release|Any CPU.Build.0 = Release|Any CPU
		{79C8AD2B-373B-4085-4152-103B1CC85BB2}.Debug|Any CPU.ActiveCfg = Debug|Any CPU
		{79C8AD2B-373B-4085-4152-103B1CC85BB2}.Debug|Any CPU.Build.0 = Debug|Any CPU
		{79C8AD2B-373B-4085-4152-103B1CC85BB2}.Release|Any CPU.ActiveCfg = Release|Any CPU
		{79C8AD2B-373B-4085-4152-103B1CC85BB2}.Release|Any CPU.Build.0 = Release|Any CPU
	EndGlobalSection
	GlobalSection(SolutionProperties) = preSolution
		HideSolutionNode = FALSE
	EndGlobalSection
EndGlobal
